# This file is autogenerated, do not edit; changes may be undone by the next 'dep ensure'.


[[projects]]
  branch = "master"
  digest = "1:4ede8af3cdcfc1fddd40266a282491180da9785d2b2bd3f1c5593878f773263d"
  name = "github.com/campoy/embedmd"
  packages = [
    ".",
    "embedmd",
  ]
  pruneopts = "UT"
  revision = "c59ce00e02967db5e93d897330142a3ef6145786"

[[projects]]
  branch = "master"
  digest = "1:ad29a4349fc418e4d7c4421eeac1b8be37d43be13765832c3ade2c3ed08eabe7"
  name = "github.com/client9/misspell"
  packages = [
    ".",
    "cmd/misspell",
  ]
  pruneopts = "UT"
  revision = "c0b55c8239520f6b5aa15a0207ca8b28027ba49e"

[[projects]]
  branch = "master"
  digest = "1:09caacaac48b388502b23d8afbc58003d0e3ec8d4faf78a866d4cde554d946f7"
  name = "github.com/dustin/go-broadcast"
  packages = ["."]
  pruneopts = "UT"
  revision = "f664265f5a662fb4d1df7f3533b1e8d0e0277120"

[[projects]]
  branch = "master"
  digest = "1:36fe9527deed01d2a317617e59304eb2c4ce9f8a24115bcc5c2e37b3aee5bae4"
  name = "github.com/gin-contrib/sse"
  packages = ["."]
  pruneopts = "UT"
  revision = "22d885f9ecc78bf4ee5d72b937e4bbcdc58e8cae"

[[projects]]
  branch = "master"
  digest = "1:fcdf26f477723e34c0104d6d6e82e4ab04aa88fdb67ef61a9aa7d75dffbf03af"
  name = "github.com/gin-gonic/autotls"
  packages = ["."]
  pruneopts = "UT"
  revision = "be87bd5ef97b7398e468c35ad266aabf099a095b"

[[projects]]
  branch = "master"
  digest = "1:555fef7420c108d88754e41e02299fd10f67dc6602d643944611a4100132d3cf"
  name = "github.com/gin-gonic/contrib"
  packages = ["static"]
  pruneopts = "UT"
  revision = "39cfb9727134fef3120d2458fce5fab14265a46c"

[[projects]]
  branch = "master"
  digest = "1:d1f2f189b96517e0db8e74434e84b57ff394d1d78ff2aea4071e53b81d80a1b7"
  name = "github.com/gin-gonic/gin"
  packages = [
    ".",
    "binding",
    "internal/json",
    "render",
  ]
  pruneopts = "UT"
  revision = "a1a32562de0fe61b17aab42cd4fa7847ae814cb8"

[[projects]]
  branch = "master"
  digest = "1:f26d410f706e6bdfb1576cacf9e4bbd3add8b55a298bf90ab20f588854bad6e0"
  name = "github.com/golang/protobuf"
  packages = [
    "proto",
    "ptypes",
    "ptypes/any",
    "ptypes/duration",
    "ptypes/timestamp",
  ]
  pruneopts = "UT"
  revision = "5e707b20cbb91bc0be4fe3a4f1725fc565735fbd"

[[projects]]
  branch = "master"
  digest = "1:446f04b6b59c2cfacf8e9784c431afda6708d72a7a09eaefb2ab96d2b9cf8536"
  name = "github.com/jessevdk/go-assets"
  packages = ["."]
  pruneopts = "UT"
  revision = "4f4301a06e153ff90e17793577ab6bf79f8dc5c5"

[[projects]]
  branch = "master"
  digest = "1:8d44b575d464430d321863488733d08f98b925721fff5b5f7f5011b6848ef135"
  name = "github.com/json-iterator/go"
  packages = ["."]
  pruneopts = "UT"
  revision = "2433035e513208b0f7bd5b50d0aecd889b2c1ff8"

[[projects]]
  branch = "master"
  digest = "1:107238de551a8d1bc1877ec88ca984c11dac635b52b3a0bd9c07359f10c95907"
  name = "github.com/manucorporat/stats"
  packages = ["."]
  pruneopts = "UT"
  revision = "3ba42d56d227cf2a6086b63baba5e00669235853"

[[projects]]
  branch = "master"
  digest = "1:8d5e9f9351b41787ba94a0c0ed4e43ca169045e254f1f4841b3c6f03c31cdc02"
  name = "github.com/mattn/go-isatty"
  packages = ["."]
  pruneopts = "UT"
  revision = "3fb116b820352b7f0c281308a4d6250c22d94e27"

[[projects]]
  digest = "1:33422d238f147d247752996a26574ac48dcf472976eda7f5134015f06bf16563"
  name = "github.com/modern-go/concurrent"
  packages = ["."]
  pruneopts = "UT"
  revision = "bacd9c7ef1dd9b15be4a9909b8ac7a4e313eec94"
  version = "1.0.3"

[[projects]]
  digest = "1:c56ad36f5722eb07926c979d5e80676ee007a9e39e7808577b9d87ec92b00460"
  name = "github.com/modern-go/reflect2"
  packages = ["."]
  pruneopts = "UT"
  revision = "94122c33edd36123c84d5368cfb2b69df93a0ec8"
  version = "v1.0.1"

[[projects]]
  digest = "1:0028cb19b2e4c3112225cd871870f2d9cf49b9b4276531f03438a88e94be86fe"
  name = "github.com/pmezard/go-difflib"
  packages = ["difflib"]
  pruneopts = "UT"
  revision = "792786c7400a136282c1664665ae0a8db921c6c2"
  version = "v1.0.0"

[[projects]]
  digest = "1:90f91b3ecbf37365e8c730bb4270df8e12769fe157dbd8472f7b2da9c69a2bd6"
  name = "github.com/thinkerou/favicon"
  packages = ["."]
  pruneopts = "UT"
  revision = "94a442a49da6e2d44bdd5e0d2e2e185c43a19d93"
  version = "v0.1.0"

[[projects]]
  branch = "master"
  digest = "1:29b1902b59c7bcbe7bd5891a12cec284c488e62f42eb38800a0eb0fc10c03141"
  name = "github.com/ugorji/go"
  packages = ["codec"]
  pruneopts = "UT"
  revision = "b30ce92d500bfa0cea9bd56f104cf3eb339fd585"

[[projects]]
  branch = "master"
  digest = "1:dedf20eb0d3e8d6aa8a4d3d2fae248222b688ed528201995e152cc497899123c"
  name = "golang.org/x/crypto"
  packages = [
    "acme",
    "acme/autocert",
  ]
  pruneopts = "UT"
  revision = "0c41d7ab0a0ee717d4590a44bcb987dfd9e183eb"

[[projects]]
  branch = "master"
  digest = "1:711b716e33cd86b5ec7ce62f2b226915092323b6b6c95e1e2df922bec4da3d1b"
  name = "golang.org/x/lint"
  packages = [
    ".",
    "golint",
  ]
  pruneopts = "UT"
  revision = "5906bd5c48cd840279ace88b165057fbbd7fb35a"

[[projects]]
  branch = "master"
  digest = "1:505dbee0833715a72a529bb57c354826ad42a4496fad787fa143699b4de1a6d0"
  name = "golang.org/x/net"
  packages = [
    "context",
    "http/httpguts",
    "http2",
    "http2/hpack",
    "idna",
    "internal/timeseries",
    "trace",
  ]
  pruneopts = "UT"
  revision = "04a2e542c03f1d053ab3e4d6e5abcd4b66e2be8e"

[[projects]]
  branch = "master"
  digest = "1:be4f165c438aa39318fd5c8c180a95f4a52524641c0b714638b0fd9fd912b38d"
  name = "golang.org/x/sys"
  packages = ["unix"]
  pruneopts = "UT"
  revision = "8e24a49d80f82323e1c4db1b5da3e0f31171a151"

[[projects]]
  branch = "master"
  digest = "1:ac28c92ecf872cdaf70d467d78c8182616f47136a438e5bff7d6ad7ae631a568"
  name = "golang.org/x/text"
  packages = [
    "collate",
    "collate/build",
    "internal/colltab",
    "internal/gen",
    "internal/language",
    "internal/language/compact",
    "internal/tag",
    "internal/triegen",
    "internal/ucd",
    "language",
    "secure/bidirule",
    "transform",
    "unicode/bidi",
    "unicode/cldr",
    "unicode/norm",
    "unicode/rangetable",
  ]
  pruneopts = "UT"
  revision = "4d1c5fb19474adfe9562c9847ba425e7da817e81"

[[projects]]
  branch = "master"
  digest = "1:384310e8a567edf6d5406d93318f9460c2d8db1a07ff5b6fece95b224343e7f1"
  name = "golang.org/x/tools"
  packages = [
    "go/ast/astutil",
    "go/gcexportdata",
    "go/internal/gcimporter",
    "go/types/typeutil",
  ]
  pruneopts = "UT"
  revision = "3e7aa9e59977626dc60433e9aeadf1bb63d28295"

[[projects]]
  branch = "master"
  digest = "1:56b0bca90b7e5d1facf5fbdacba23e4e0ce069d25381b8e2f70ef1e7ebfb9c1a"
  name = "google.golang.org/genproto"
  packages = ["googleapis/rpc/status"]
  pruneopts = "UT"
  revision = "94acd270e44e65579b9ee3cdab25034d33fed608"

[[projects]]
  branch = "master"
  digest = "1:2cc0c50de30dce32845cceb3c70d7e60c8ff8a71134e8192a860f5e3bd1cb038"
  name = "google.golang.org/grpc"
  packages = [
    ".",
    "balancer",
    "balancer/base",
    "balancer/roundrobin",
    "codes",
    "connectivity",
    "credentials",
    "encoding",
    "encoding/proto",
    "grpclog",
    "internal",
    "internal/backoff",
    "internal/channelz",
    "internal/envconfig",
    "internal/grpcrand",
    "internal/transport",
    "keepalive",
    "metadata",
    "naming",
    "peer",
    "resolver",
    "resolver/dns",
    "resolver/passthrough",
    "stats",
    "status",
    "tap",
  ]
  pruneopts = "UT"
  revision = "ff2aa05958775030998dbe2f9bccbe2af324adf4"

[[projects]]
  digest = "1:cbc72c4c4886a918d6ab4b95e347ffe259846260f99ebdd8a198c2331cf2b2e9"
  name = "gopkg.in/go-playground/validator.v8"
  packages = ["."]
  pruneopts = "UT"
  revision = "5f1438d3fca68893a817e4a66806cea46a9e4ebf"
  version = "v8.18.2"

[[projects]]
  digest = "1:342378ac4dcb378a5448dd723f0784ae519383532f5e70ade24132c4c8693202"
  name = "gopkg.in/yaml.v2"
  packages = ["."]
  pruneopts = "UT"
  revision = "5420a8b6744d3b0345ab293f6fcba19c978f1183"
  version = "v2.2.1"

[solve-meta]
  analyzer-name = "dep"
  analyzer-version = 1
  input-imports = [
    "github.com/gin-gonic/contrib/static",
    "github.com/gin-gonic/gin",
  ]
  solver-name = "gps-cdcl"
  solver-version = 1
